NeoBundleLock ctrlp.vim b5d3fe66a58a13d2ff8b6391f4387608496a030f
NeoBundleLock neobundle.vim 14bb64369c03b73a435faeb539973590efcb83c9
NeoBundleLock neosnippet-snippets 882d47c8809c74dc6f4aa5c8e288d220d8c1ede6
NeoBundleLock neosnippet.vim 02176938f751e20a3a794e836aaba14e11eba34e
NeoBundleLock nerdtree 2f8a72144fe1e96804f000b6cf9bf9c4057e5ddd
NeoBundleLock vim-colorschemes 28a989b28457e38df620e4c7ab23e224aff70efe
NeoBundleLock vim-fugitive 1ecd12d523ffe031b5840316eeae1f24dd8920e4
NeoBundleLock vimshell 3787e52766812d8b99a93ccdda57517bc2a0bab6
